{
  "name": "world-tracker",
  "lockfileVersion": 3,
  "requires": true,
  "packages": {
    "": {
      "dependencies": {
        "@fontsource-variable/orbitron": "^5.2.8",
        "@fontsource-variable/source-code-pro": "^5.2.7"
      }
    },
    "node_modules/@fontsource-variable/orbitron": {
      "version": "5.2.8",
      "resolved": "https://registry.npmjs.org/@fontsource-variable/orbitron/-/orbitron-5.2.8.tgz",
      "integrity": "sha512-Jazvuj2cgBq663z1j/+JdwH2ztqQ8RaGhJgdHYphFbtfowiFaR74R8UgZl7x1skbXmUMWWH1jXfG7mrYFIYK0A==",
      "license": "OFL-1.1",
      "funding": {
        "url": "https://github.com/sponsors/ayuhito"
      }
    },
    "node_modules/@fontsource-variable/source-code-pro": {
      "version": "5.2.7",
      "resolved": "https://registry.npmjs.org/@fontsource-variable/source-code-pro/-/source-code-pro-5.2.7.tgz",
      "integrity": "sha512-kZ0VNwnhvSA7vu5MaiO52eicQ4zC+k+8HBLZb+1js0MK/RngLy25NEUFB1y/AKd0ZMwru88T433QBcFf9m/huw==",
      "license": "OFL-1.1",
      "funding": {
        "url": "https://github.com/sponsors/ayuhito"
      }
    }
  }
}
