{
  "name": "world-tracker",
  "lockfileVersion": 3,
  "requires": true,
  "packages": {
    "": {
      "dependencies": {
        "@fontsource-variable/orbitron": "^5.2.8"
      }
    },
    "node_modules/@fontsource-variable/orbitron": {
      "version": "5.2.8",
      "resolved": "https://registry.npmjs.org/@fontsource-variable/orbitron/-/orbitron-5.2.8.tgz",
      "integrity": "sha512-Jazvuj2cgBq663z1j/+JdwH2ztqQ8RaGhJgdHYphFbtfowiFaR74R8UgZl7x1skbXmUMWWH1jXfG7mrYFIYK0A==",
      "license": "OFL-1.1",
      "funding": {
        "url": "https://github.com/sponsors/ayuhito"
      }
    }
  }
}
